
Microsoft Visual Studio Solution File, Format Version 12.00
# Visual Studio Version 16
VisualStudioVersion = 16.0.30907.101
MinimumVisualStudioVersion = 10.0.40219.1
Project("{FAE04EC0-301F-11D3-BF4B-00C04F79EFBC}") = "Client-server communication", "Client-server communication\Client-server communication.csproj", "{1D6B9537-6FE4-47DC-9FE9-58B85E261344}"
EndProject
Global
	GlobalSection(SolutionConfigurationPlatforms) = preSolution
		Debug|Any CPU = Debug|Any CPU
		Release|Any CPU = Release|Any CPU
	EndGlobalSection
	GlobalSection(ProjectConfigurationPlatforms) = postSolution
		{1D6B9537-6FE4-47DC-9FE9-58B85E261344}.Debug|Any CPU.ActiveCfg = Debug|Any CPU
		{1D6B9537-6FE4-47DC-9FE9-58B85E261344}.Debug|Any CPU.Build.0 = Debug|Any CPU
		{1D6B9537-6FE4-47DC-9FE9-58B85E261344}.Release|Any CPU.ActiveCfg = Release|Any CPU
		{1D6B9537-6FE4-47DC-9FE9-58B85E261344}.Release|Any CPU.Build.0 = Release|Any CPU
	EndGlobalSection
	GlobalSection(SolutionProperties) = preSolution
		HideSolutionNode = FALSE
	EndGlobalSection
	GlobalSection(ExtensibilityGlobals) = postSolution
		SolutionGuid = {0DE7900E-1560-4C32-9CA7-6A5124B7959A}
	EndGlobalSection
EndGlobal
